{
  "nodes": {
    "POP": {
      "inputs": {
        "flake-compat": [
          "omnibus",
          "flops"
        ],
        "nixlib": [
          "omnibus",
          "flops",
          "nixlib"
        ],
        "nixpkgs": [
          "omnibus",
          "flops"
        ]
      },
      "locked": {
        "lastModified": 1655410953,
        "narHash": "sha256-Er0zdhu7QwpWvVKfauqZqTnxDz6THTWOTVWLoz+Opmw=",
        "owner": "divnix",
        "repo": "POP",
        "rev": "8babe4c9126298d05ebb5ab04727d741b51c022e",
        "type": "github"
      },
      "original": {
        "owner": "divnix",
        "repo": "POP",
        "type": "github"
      }
    },
    "call-flake": {
      "locked": {
        "lastModified": 1730625993,
        "narHash": "sha256-11/dQG/vjpfMi4D7ku2o1UtUMf8Sud0KJ/Le44zHIc8=",
        "owner": "divnix",
        "repo": "call-flake",
        "rev": "3441e7638e516c1f78da7fb96a40c07aafc45633",
        "type": "github"
      },
      "original": {
        "owner": "divnix",
        "repo": "call-flake",
        "type": "github"
      }
    },
    "dmerge": {
      "inputs": {
        "haumea": [
          "omnibus",
          "flops",
          "haumea"
        ],
        "nixlib": [
          "omnibus",
          "flops",
          "nixlib"
        ],
        "yants": [
          "omnibus",
          "flops",
          "yants"
        ]
      },
      "locked": {
        "lastModified": 1698340621,
        "narHash": "sha256-SFrpyBVYaBVu4kaEm6O9O5P+ZKASMEa2EOQSlC33/Ok=",
        "owner": "divnix",
        "repo": "dmerge",
        "rev": "7e528814b0da207ea12ab3f62f2a928b7b8fe9c6",
        "type": "github"
      },
      "original": {
        "owner": "divnix",
        "repo": "dmerge",
        "type": "github"
      }
    },
    "flake-parts": {
      "inputs": {
        "nixpkgs-lib": "nixpkgs-lib"
      },
      "locked": {
        "lastModified": 1730504689,
        "narHash": "sha256-hgmguH29K2fvs9szpq2r3pz2/8cJd2LPS+b4tfNFCwE=",
        "owner": "hercules-ci",
        "repo": "flake-parts",
        "rev": "506278e768c2a08bec68eb62932193e341f55c90",
        "type": "github"
      },
      "original": {
        "owner": "hercules-ci",
        "repo": "flake-parts",
        "type": "github"
      }
    },
    "flops": {
      "inputs": {
        "POP": "POP",
        "call-flake": "call-flake",
        "dmerge": "dmerge",
        "haumea": "haumea",
        "nixlib": "nixlib",
        "yants": "yants"
      },
      "locked": {
        "lastModified": 1731446083,
        "narHash": "sha256-t6crwkKZ09eBM5aEnDr9/rnJg7wyR3RcUFzv/nUjuFs=",
        "owner": "tao3k",
        "repo": "flops",
        "rev": "70f84823b13437d2bc7f1dda1f8d52b9b907f999",
        "type": "github"
      },
      "original": {
        "owner": "tao3k",
        "repo": "flops",
        "type": "github"
      }
    },
    "haumea": {
      "inputs": {
        "nixpkgs": [
          "omnibus",
          "flops",
          "nixlib"
        ]
      },
      "locked": {
        "lastModified": 1708375098,
        "narHash": "sha256-DaFJp3wDHgOqx98U0SF57bXaH2Orp106c+jSdPCVu1E=",
        "owner": "nix-community",
        "repo": "haumea",
        "rev": "ec6350fd9353e7f27ce0e85d31f82e3ed73e4d70",
        "type": "github"
      },
      "original": {
        "owner": "nix-community",
        "repo": "haumea",
        "type": "github"
      }
    },
    "nixlib": {
      "locked": {
        "lastModified": 1731200463,
        "narHash": "sha256-qDaAweJjdFbVExqs8aG27urUgcgKufkIngHW3Rzustg=",
        "owner": "nix-community",
        "repo": "nixpkgs.lib",
        "rev": "e04234d263750db01c78a412690363dc2226e68a",
        "type": "github"
      },
      "original": {
        "owner": "nix-community",
        "repo": "nixpkgs.lib",
        "type": "github"
      }
    },
    "nixpkgs": {
      "locked": {
        "lastModified": 1733940404,
        "narHash": "sha256-Pj39hSoUA86ZePPF/UXiYHHM7hMIkios8TYG29kQT4g=",
        "owner": "NixOS",
        "repo": "nixpkgs",
        "rev": "5d67ea6b4b63378b9c13be21e2ec9d1afc921713",
        "type": "github"
      },
      "original": {
        "owner": "NixOS",
        "ref": "nixos-unstable",
        "repo": "nixpkgs",
        "type": "github"
      }
    },
    "nixpkgs-lib": {
      "locked": {
        "lastModified": 1730504152,
        "narHash": "sha256-lXvH/vOfb4aGYyvFmZK/HlsNsr/0CVWlwYvo2rxJk3s=",
        "type": "tarball",
        "url": "https://github.com/NixOS/nixpkgs/archive/cc2f28000298e1269cea6612cd06ec9979dd5d7f.tar.gz"
      },
      "original": {
        "type": "tarball",
        "url": "https://github.com/NixOS/nixpkgs/archive/cc2f28000298e1269cea6612cd06ec9979dd5d7f.tar.gz"
      }
    },
    "omnibus": {
      "inputs": {
        "flops": "flops"
      },
      "locked": {
        "lastModified": 1732209746,
        "narHash": "sha256-Ud90+2gLR0WAbCT55Mfd6WpyQR0/6Bvxs5vKd2ypw7A=",
        "owner": "gtrunsec",
        "repo": "omnibus",
        "rev": "fb32c419ecbca9fc5b9af69128dcecbde98573f9",
        "type": "github"
      },
      "original": {
        "owner": "gtrunsec",
        "repo": "omnibus",
        "type": "github"
      }
    },
    "root": {
      "inputs": {
        "nixpkgs": "nixpkgs",
        "omnibus": "omnibus",
        "talhelper": "talhelper"
      }
    },
    "talhelper": {
      "inputs": {
        "flake-parts": "flake-parts",
        "nixpkgs": [
          "nixpkgs"
        ]
      },
      "locked": {
        "lastModified": 1734054139,
        "narHash": "sha256-TNGKFtvAh65GM3Q0iyPU8VorgXXMqDp7TzlnIH+KL84=",
        "owner": "budimanjojo",
        "repo": "talhelper",
        "rev": "ca3cac86e55a27764778a4783ab0f33d68a76a77",
        "type": "github"
      },
      "original": {
        "owner": "budimanjojo",
        "repo": "talhelper",
        "type": "github"
      }
    },
    "yants": {
      "inputs": {
        "nixpkgs": [
          "omnibus",
          "flops",
          "nixlib"
        ]
      },
      "locked": {
        "lastModified": 1699522279,
        "narHash": "sha256-ILTqQyhVsouZDfbhEVFJI6b3NDZIQQRluL2dk3bee+Y=",
        "owner": "divnix",
        "repo": "yants",
        "rev": "cde27c2821d925245303650c2914d4b7d3a435cd",
        "type": "github"
      },
      "original": {
        "owner": "divnix",
        "ref": "refs/pull/5/head",
        "repo": "yants",
        "type": "github"
      }
    }
  },
  "root": "root",
  "version": 7
}
